
Microsoft Visual Studio Solution File, Format Version 12.00
# Visual Studio Version 16
VisualStudioVersion = 16.0.33529.622
MinimumVisualStudioVersion = 10.0.40219.1
Project("{8BC9CEB8-8B4A-11D0-8D11-00A0C91BC942}") = "cashRegisterSystem", "cashRegisterSystem.vcxproj", "{5A256C2C-F6C7-4686-B4FB-3965FE17FBB3}"
EndProject
Global
	GlobalSection(SolutionConfigurationPlatforms) = preSolution
		Debug|x64 = Debug|x64
		Release|x64 = Release|x64
	EndGlobalSection
	GlobalSection(ProjectConfigurationPlatforms) = postSolution
		{5A256C2C-F6C7-4686-B4FB-3965FE17FBB3}.Debug|x64.ActiveCfg = Debug|x64
		{5A256C2C-F6C7-4686-B4FB-3965FE17FBB3}.Debug|x64.Build.0 = Debug|x64
		{5A256C2C-F6C7-4686-B4FB-3965FE17FBB3}.Release|x64.ActiveCfg = Release|x64
		{5A256C2C-F6C7-4686-B4FB-3965FE17FBB3}.Release|x64.Build.0 = Release|x64
	EndGlobalSection
	GlobalSection(SolutionProperties) = preSolution
		HideSolutionNode = FALSE
	EndGlobalSection
	GlobalSection(ExtensibilityGlobals) = postSolution
		SolutionGuid = {D6C625F3-EAE4-4CCD-8920-F7D05C014743}
	EndGlobalSection
EndGlobal
