
Microsoft Visual Studio Solution File, Format Version 12.00
# Visual Studio Version 16
VisualStudioVersion = 16.0.33529.622
MinimumVisualStudioVersion = 10.0.40219.1
Project("{8BC9CEB8-8B4A-11D0-8D11-00A0C91BC942}") = "cashRegisterSystem2", "cashRegisterSystem2.vcxproj", "{2A951D4E-0F2A-4E19-A262-E25D4916FC87}"
EndProject
Global
	GlobalSection(SolutionConfigurationPlatforms) = preSolution
		Debug|x64 = Debug|x64
		Release|x64 = Release|x64
	EndGlobalSection
	GlobalSection(ProjectConfigurationPlatforms) = postSolution
		{2A951D4E-0F2A-4E19-A262-E25D4916FC87}.Debug|x64.ActiveCfg = Debug|x64
		{2A951D4E-0F2A-4E19-A262-E25D4916FC87}.Debug|x64.Build.0 = Debug|x64
		{2A951D4E-0F2A-4E19-A262-E25D4916FC87}.Release|x64.ActiveCfg = Release|x64
		{2A951D4E-0F2A-4E19-A262-E25D4916FC87}.Release|x64.Build.0 = Release|x64
	EndGlobalSection
	GlobalSection(SolutionProperties) = preSolution
		HideSolutionNode = FALSE
	EndGlobalSection
	GlobalSection(ExtensibilityGlobals) = postSolution
		SolutionGuid = {F51CE552-191C-4303-B9D2-202A373037B2}
	EndGlobalSection
EndGlobal
